
Microsoft Visual Studio Solution File, Format Version 12.00
# Visual Studio 15
VisualStudioVersion = 15.0.28010.2016
MinimumVisualStudioVersion = 10.0.40219.1
Project("{FAE04EC0-301F-11D3-BF4B-00C04F79EFBC}") = "SB.CreateMessage", "SB.CreateMessage\SB.CreateMessage.csproj", "{83817CE6-2C1B-488F-86D1-7FE50B52729C}"
EndProject
Global
	GlobalSection(SolutionConfigurationPlatforms) = preSolution
		Debug|Any CPU = Debug|Any CPU
		Release|Any CPU = Release|Any CPU
	EndGlobalSection
	GlobalSection(ProjectConfigurationPlatforms) = postSolution
		{83817CE6-2C1B-488F-86D1-7FE50B52729C}.Debug|Any CPU.ActiveCfg = Debug|Any CPU
		{83817CE6-2C1B-488F-86D1-7FE50B52729C}.Debug|Any CPU.Build.0 = Debug|Any CPU
		{83817CE6-2C1B-488F-86D1-7FE50B52729C}.Release|Any CPU.ActiveCfg = Release|Any CPU
		{83817CE6-2C1B-488F-86D1-7FE50B52729C}.Release|Any CPU.Build.0 = Release|Any CPU
	EndGlobalSection
	GlobalSection(SolutionProperties) = preSolution
		HideSolutionNode = FALSE
	EndGlobalSection
	GlobalSection(ExtensibilityGlobals) = postSolution
		SolutionGuid = {269F9171-6BCA-4EAD-BC23-C4F8746C86CF}
	EndGlobalSection
EndGlobal
